
Microsoft Visual Studio Solution File, Format Version 12.00
# Visual Studio Version 16
VisualStudioVersion = 16.0.29709.97
MinimumVisualStudioVersion = 10.0.40219.1
Project("{FAE04EC0-301F-11D3-BF4B-00C04F79EFBC}") = "ASTRA Console GUI", "ASTRA Console GUI.csproj", "{08B0C52F-974C-4FE9-AFD1-BFC2C3FE0243}"
EndProject
Global
	GlobalSection(SolutionConfigurationPlatforms) = preSolution
		Debug|Any CPU = Debug|Any CPU
		Release|Any CPU = Release|Any CPU
	EndGlobalSection
	GlobalSection(ProjectConfigurationPlatforms) = postSolution
		{08B0C52F-974C-4FE9-AFD1-BFC2C3FE0243}.Debug|Any CPU.ActiveCfg = Debug|Any CPU
		{08B0C52F-974C-4FE9-AFD1-BFC2C3FE0243}.Debug|Any CPU.Build.0 = Debug|Any CPU
		{08B0C52F-974C-4FE9-AFD1-BFC2C3FE0243}.Release|Any CPU.ActiveCfg = Release|Any CPU
		{08B0C52F-974C-4FE9-AFD1-BFC2C3FE0243}.Release|Any CPU.Build.0 = Release|Any CPU
	EndGlobalSection
	GlobalSection(SolutionProperties) = preSolution
		HideSolutionNode = FALSE
	EndGlobalSection
	GlobalSection(ExtensibilityGlobals) = postSolution
		SolutionGuid = {B04F765B-A8C6-432C-BE32-CAD4BC3E89C6}
	EndGlobalSection
EndGlobal
